{
  "originHash" : "72816c76a634cf7148fc0f1639373d077a4fb1a9142da2897764995328cd15c2",
  "pins" : [
    {
      "identity" : "cutility",
      "kind" : "remoteSourceControl",
      "location" : "https://github.com/kojirou1994/CUtility.git",
      "state" : {
        "revision" : "396a59883eeba52444c3b55063029443b465b3ac",
        "version" : "0.8.2"
      }
    },
    {
      "identity" : "precondition",
      "kind" : "remoteSourceControl",
      "location" : "https://github.com/kojirou1994/Precondition.git",
      "state" : {
        "revision" : "830da13c0ae17822671ab2996a4365038e049e3e",
        "version" : "1.1.1"
      }
    },
    {
      "identity" : "yyjson",
      "kind" : "remoteSourceControl",
      "location" : "https://github.com/ibireme/yyjson.git",
      "state" : {
        "revision" : "9ddba001a4ea88e93b46932e5c5b87b222e19a5f",
        "version" : "0.10.0"
      }
    }
  ],
  "version" : 3
}
