{
  "pins" : [
    {
      "identity" : "cutility",
      "kind" : "remoteSourceControl",
      "location" : "https://github.com/kojirou1994/CUtility.git",
      "state" : {
        "revision" : "acd35be02969988c627a995681350e7d7507a6a1",
        "version" : "0.2.0"
      }
    },
    {
      "identity" : "precondition",
      "kind" : "remoteSourceControl",
      "location" : "https://github.com/kojirou1994/Precondition.git",
      "state" : {
        "revision" : "8bfd454560f5bfafe9bf0db3e929ef65ba189400",
        "version" : "1.0.0"
      }
    },
    {
      "identity" : "yyjson",
      "kind" : "remoteSourceControl",
      "location" : "https://github.com/ibireme/yyjson.git",
      "state" : {
        "revision" : "7b210d66cb73536f351e8a82a63508bc77bffd20",
        "version" : "0.6.0"
      }
    }
  ],
  "version" : 2
}
